{
  "requires": true,
  "lockfileVersion": 1,
  "dependencies": {
    "@angular/animations": {
      "version": "14.1.0",
      "resolved": "https://registry.npmjs.org/@angular/animations/-/animations-14.1.0.tgz",
      "integrity": "sha512-OhEXi1u/M4QyltDCxSqo7YzF7ELgNDWNqbbM7vtWIcrc4c+Yiu1GXhW/GQRosF3WAuQVfdQzEI0VTeNoo98Kvw==",
      "requires": {
        "tslib": "^2.3.0"
      }
    },
    "ngx-toastr": {
      "version": "15.0.0",
      "resolved": "https://registry.npmjs.org/ngx-toastr/-/ngx-toastr-15.0.0.tgz",
      "integrity": "sha512-dseyONSYcbm+8hQUCzzyP6CnHGa8WAOGJN7dzGqgBV4sHCDiv5eZ4x/3uo7Fov2OR0O5T47keP7ND3z7tufXeg==",
      "requires": {
        "tslib": "^2.3.0"
      }
    },
    "tslib": {
      "version": "2.4.0",
      "resolved": "https://registry.npmjs.org/tslib/-/tslib-2.4.0.tgz",
      "integrity": "sha512-d6xOpEDfsi2CZVlPQzGeux8XMwLT9hssAsaPYExaQMuYskwb+x1x7J371tWlbBdWHroy99KnVB6qIkUbs5X3UQ=="
    }
  }
}
